{
  "version": 4,
  "terraform_version": "1.10.5",
  "serial": 14,
  "lineage": "64aa5922-7ab5-cae5-fdab-4d8725f83c7a",
  "outputs": {
    "ec2_public_ip": {
      "value": "",
      "type": "string"
    },
    "rds_endpoint": {
      "value": "terraform-db.cb2iyea2wblz.ap-south-1.rds.amazonaws.com:3306",
      "type": "string"
    }
  },
  "resources": [
    {
      "mode": "managed",
      "type": "aws_db_instance",
      "name": "terraform_rds",
      "provider": "provider[\"registry.terraform.io/hashicorp/aws\"]",
      "instances": [
        {
          "schema_version": 2,
          "attributes": {
            "address": "terraform-db.cb2iyea2wblz.ap-south-1.rds.amazonaws.com",
            "allocated_storage": 30,
            "allow_major_version_upgrade": null,
            "apply_immediately": false,
            "arn": "arn:aws:rds:ap-south-1:433322558847:db:terraform-db",
            "auto_minor_version_upgrade": true,
            "availability_zone": "ap-south-1a",
            "backup_retention_period": 7,
            "backup_target": "region",
            "backup_window": "21:04-21:34",
            "blue_green_update": [],
            "ca_cert_identifier": "rds-ca-rsa2048-g1",
            "character_set_name": "",
            "copy_tags_to_snapshot": false,
            "custom_iam_instance_profile": "",
            "customer_owned_ip_enabled": false,
            "db_name": "terraform",
            "db_subnet_group_name": "terraform-db-subnet-group",
            "dedicated_log_volume": false,
            "delete_automated_backups": true,
            "deletion_protection": false,
            "domain": "",
            "domain_auth_secret_arn": "",
            "domain_dns_ips": null,
            "domain_fqdn": "",
            "domain_iam_role_name": "",
            "domain_ou": "",
            "enabled_cloudwatch_logs_exports": null,
            "endpoint": "terraform-db.cb2iyea2wblz.ap-south-1.rds.amazonaws.com:3306",
            "engine": "mysql",
            "engine_lifecycle_support": "open-source-rds-extended-support",
            "engine_version": "8.0.40",
            "engine_version_actual": "8.0.40",
            "final_snapshot_identifier": null,
            "hosted_zone_id": "Z2VFMSZA74J7XZ",
            "iam_database_authentication_enabled": false,
            "id": "db-TOV6DL3E6GYRRAAAJCUKN7CICM",
            "identifier": "terraform-db",
            "identifier_prefix": "",
            "instance_class": "db.t3.micro",
            "iops": 0,
            "kms_key_id": "",
            "latest_restorable_time": "2025-03-06T19:56:32Z",
            "license_model": "general-public-license",
            "listener_endpoint": [],
            "maintenance_window": "fri:06:16-fri:06:46",
            "manage_master_user_password": null,
            "master_user_secret": [],
            "master_user_secret_kms_key_id": null,
            "max_allocated_storage": 0,
            "monitoring_interval": 0,
            "monitoring_role_arn": "",
            "multi_az": false,
            "nchar_character_set_name": "",
            "network_type": "IPV4",
            "option_group_name": "default:mysql-8-0",
            "parameter_group_name": "default.mysql8.0",
            "password": "h2wWcGcAoFc08MV;7L:U",
            "password_wo": null,
            "password_wo_version": null,
            "performance_insights_enabled": false,
            "performance_insights_kms_key_id": "",
            "performance_insights_retention_period": 0,
            "port": 3306,
            "publicly_accessible": false,
            "replica_mode": "",
            "replicas": [],
            "replicate_source_db": "",
            "resource_id": "db-TOV6DL3E6GYRRAAAJCUKN7CICM",
            "restore_to_point_in_time": [],
            "s3_import": [],
            "skip_final_snapshot": true,
            "snapshot_identifier": null,
            "status": "available",
            "storage_encrypted": false,
            "storage_throughput": 0,
            "storage_type": "gp2",
            "tags": {
              "Name": "Terraform-RDS"
            },
            "tags_all": {
              "Name": "Terraform-RDS"
            },
            "timeouts": null,
            "timezone": "",
            "upgrade_storage_config": null,
            "username": "terraform",
            "vpc_security_group_ids": [
              "sg-00e374f61ecabc766"
            ]
          },
          "sensitive_attributes": [
            [
              {
                "type": "get_attr",
                "value": "password"
              }
            ],
            [
              {
                "type": "get_attr",
                "value": "password_wo"
              }
            ]
          ],
          "private": "eyJlMmJmYjczMC1lY2FhLTExZTYtOGY4OC0zNDM2M2JjN2M0YzAiOnsiY3JlYXRlIjozMDAwMDAwMDAwMDAwLCJkZWxldGUiOjM2MDAwMDAwMDAwMDAsInVwZGF0ZSI6NDgwMDAwMDAwMDAwMH0sInNjaGVtYV92ZXJzaW9uIjoiMiJ9",
          "dependencies": [
            "aws_db_subnet_group.terraform_db_subnet_group",
            "aws_security_group.rds_sg",
            "aws_subnet.private_subnet_1",
            "aws_subnet.private_subnet_2",
            "aws_vpc.terraform_vpc"
          ]
        }
      ]
    },
    {
      "mode": "managed",
      "type": "aws_db_subnet_group",
      "name": "terraform_db_subnet_group",
      "provider": "provider[\"registry.terraform.io/hashicorp/aws\"]",
      "instances": [
        {
          "schema_version": 0,
          "attributes": {
            "arn": "arn:aws:rds:ap-south-1:433322558847:subgrp:terraform-db-subnet-group",
            "description": "Managed by Terraform",
            "id": "terraform-db-subnet-group",
            "name": "terraform-db-subnet-group",
            "name_prefix": "",
            "subnet_ids": [
              "subnet-09cb0be7a06d95f5b",
              "subnet-0dca49b9fc18a29c4"
            ],
            "supported_network_types": [
              "IPV4"
            ],
            "tags": {
              "Name": "Terraform-DB-Subnet-Group"
            },
            "tags_all": {
              "Name": "Terraform-DB-Subnet-Group"
            },
            "vpc_id": "vpc-0ed0117085ac75432"
          },
          "sensitive_attributes": [],
          "private": "bnVsbA==",
          "dependencies": [
            "aws_subnet.private_subnet_1",
            "aws_subnet.private_subnet_2",
            "aws_vpc.terraform_vpc"
          ]
        }
      ]
    },
    {
      "mode": "managed",
      "type": "aws_instance",
      "name": "ec2_instance",
      "provider": "provider[\"registry.terraform.io/hashicorp/aws\"]",
      "instances": [
        {
          "schema_version": 1,
          "attributes": {
            "ami": "ami-0d682f26195e9ec0f",
            "arn": "arn:aws:ec2:ap-south-1:433322558847:instance/i-0cb34d6b2a843406c",
            "associate_public_ip_address": false,
            "availability_zone": "ap-south-1a",
            "capacity_reservation_specification": [
              {
                "capacity_reservation_preference": "open",
                "capacity_reservation_target": []
              }
            ],
            "cpu_core_count": 1,
            "cpu_options": [
              {
                "amd_sev_snp": "",
                "core_count": 1,
                "threads_per_core": 1
              }
            ],
            "cpu_threads_per_core": 1,
            "credit_specification": [
              {
                "cpu_credits": "standard"
              }
            ],
            "disable_api_stop": false,
            "disable_api_termination": false,
            "ebs_block_device": [],
            "ebs_optimized": false,
            "enable_primary_ipv6": null,
            "enclave_options": [
              {
                "enabled": false
              }
            ],
            "ephemeral_block_device": [],
            "get_password_data": false,
            "hibernation": false,
            "host_id": "",
            "host_resource_group_arn": null,
            "iam_instance_profile": "",
            "id": "i-0cb34d6b2a843406c",
            "instance_initiated_shutdown_behavior": "stop",
            "instance_lifecycle": "",
            "instance_market_options": [],
            "instance_state": "running",
            "instance_type": "t2.micro",
            "ipv6_address_count": 0,
            "ipv6_addresses": [],
            "key_name": "terraform-key",
            "launch_template": [],
            "maintenance_options": [
              {
                "auto_recovery": "default"
              }
            ],
            "metadata_options": [
              {
                "http_endpoint": "enabled",
                "http_protocol_ipv6": "disabled",
                "http_put_response_hop_limit": 2,
                "http_tokens": "required",
                "instance_metadata_tags": "disabled"
              }
            ],
            "monitoring": false,
            "network_interface": [],
            "outpost_arn": "",
            "password_data": "",
            "placement_group": "",
            "placement_partition_number": 0,
            "primary_network_interface_id": "eni-0912aac381e38644e",
            "private_dns": "ip-10-0-1-109.ap-south-1.compute.internal",
            "private_dns_name_options": [
              {
                "enable_resource_name_dns_a_record": false,
                "enable_resource_name_dns_aaaa_record": false,
                "hostname_type": "ip-name"
              }
            ],
            "private_ip": "10.0.1.109",
            "public_dns": "",
            "public_ip": "",
            "root_block_device": [
              {
                "delete_on_termination": true,
                "device_name": "/dev/xvda",
                "encrypted": false,
                "iops": 3000,
                "kms_key_id": "",
                "tags": null,
                "tags_all": {},
                "throughput": 125,
                "volume_id": "vol-0e827a0c8aca52d85",
                "volume_size": 30,
                "volume_type": "gp3"
              }
            ],
            "secondary_private_ips": [],
            "security_groups": [],
            "source_dest_check": true,
            "spot_instance_request_id": "",
            "subnet_id": "subnet-09cb0be7a06d95f5b",
            "tags": {
              "Name": "Terraform-EC2"
            },
            "tags_all": {
              "Name": "Terraform-EC2"
            },
            "tenancy": "default",
            "timeouts": null,
            "user_data": null,
            "user_data_base64": null,
            "user_data_replace_on_change": false,
            "volume_tags": null,
            "vpc_security_group_ids": [
              "sg-091fed3d70f644e80"
            ]
          },
          "sensitive_attributes": [],
          "private": "eyJlMmJmYjczMC1lY2FhLTExZTYtOGY4OC0zNDM2M2JjN2M0YzAiOnsiY3JlYXRlIjo2MDAwMDAwMDAwMDAsImRlbGV0ZSI6MTIwMDAwMDAwMDAwMCwicmVhZCI6OTAwMDAwMDAwMDAwLCJ1cGRhdGUiOjYwMDAwMDAwMDAwMH0sInNjaGVtYV92ZXJzaW9uIjoiMSJ9",
          "dependencies": [
            "aws_key_pair.terraform_key",
            "aws_security_group.ec2_sg",
            "aws_subnet.private_subnet_1",
            "aws_vpc.terraform_vpc",
            "tls_private_key.generated"
          ]
        }
      ]
    },
    {
      "mode": "managed",
      "type": "aws_key_pair",
      "name": "terraform_key",
      "provider": "provider[\"registry.terraform.io/hashicorp/aws\"]",
      "instances": [
        {
          "schema_version": 1,
          "attributes": {
            "arn": "arn:aws:ec2:ap-south-1:433322558847:key-pair/terraform-key",
            "fingerprint": "68:c1:77:6c:e5:ff:f4:d3:89:7d:68:58:6c:56:05:09",
            "id": "terraform-key",
            "key_name": "terraform-key",
            "key_name_prefix": "",
            "key_pair_id": "key-034ef699f14c23f41",
            "key_type": "rsa",
            "public_key": "ssh-rsa AAAAB3NzaC1yc2EAAAADAQABAAACAQCisbxf2XsgnU1djSUOjju2NHVSXdrhUQgSkoLauu+0rqC1Ow/mVhm293Zu31irqw3smsHCgFfKdgiJFyJqh2DENPbMYtCRnnC9zMaGhX2OQ9PVmScEheXq0iAEcqvlO1i+kD4qRiXxK5DjrDo+71yMAubRkdB/XEfZPgJXP/59V5vYvxxU59FayCkgj0mtnMz0ZktRNNDUVsIuFGiOM/HT6L64QZLUA3iplxLEiwwUGX+zy5XgtViMrzgfmD/vI+lIiV/O4hhLjXTxgxnK8PiQWU1nndh8UzJRnxtG2WXxS2vHHBCVrnPqn1ssIrhgIRLCybGk8j4Q6zkbTpYUXA7n78NZO3+D/dqjiRV/vGSj+kH++rpy3w/jjzq1RJyzTSStKimRZyMz/0FngSCILGCF/J9ClkoSLK/78g2dwPz8L/wbVEUV/3p6Y1oY8rKnLcQB45aLlxx+29Q8jF/t4Xbwsn6hyqvc2N+mauS7Rjo1GBdgY1pRqalbSujaDrTCMG6eAdxOnTHjYy3sGNdFN+lF7B/LGAVRMggKNwMvB9cvXIOsuULsz/pUKRbBCbeHNz7uXkSfjpLWhrdAvOJN9knIwRf6NB/19aQoRGJjIijUuqpNsSak3VnjWRpG9OUZIxic5UzCrrZY++DQCVvJDsDZkUtvroHey3wEc1IyRxr9tw==",
            "tags": null,
            "tags_all": {}
          },
          "sensitive_attributes": [],
          "private": "eyJzY2hlbWFfdmVyc2lvbiI6IjEifQ==",
          "dependencies": [
            "tls_private_key.generated"
          ]
        }
      ]
    },
    {
      "mode": "managed",
      "type": "aws_s3_bucket",
      "name": "terraform_bucket",
      "provider": "provider[\"registry.terraform.io/hashicorp/aws\"]",
      "instances": [
        {
          "schema_version": 0,
          "attributes": {
            "acceleration_status": "",
            "acl": null,
            "arn": "arn:aws:s3:::terraform-sandbox-bucket-q68pzc",
            "bucket": "terraform-sandbox-bucket-q68pzc",
            "bucket_domain_name": "terraform-sandbox-bucket-q68pzc.s3.amazonaws.com",
            "bucket_prefix": "",
            "bucket_regional_domain_name": "terraform-sandbox-bucket-q68pzc.s3.ap-south-1.amazonaws.com",
            "cors_rule": [],
            "force_destroy": false,
            "grant": [
              {
                "id": "d849cc4053ed6c0dc0808b031c0f9780b605de4a89d7faa9b1532c407090f135",
                "permissions": [
                  "FULL_CONTROL"
                ],
                "type": "CanonicalUser",
                "uri": ""
              }
            ],
            "hosted_zone_id": "Z11RGJOFQNVJUP",
            "id": "terraform-sandbox-bucket-q68pzc",
            "lifecycle_rule": [],
            "logging": [],
            "object_lock_configuration": [],
            "object_lock_enabled": false,
            "policy": "",
            "region": "ap-south-1",
            "replication_configuration": [],
            "request_payer": "BucketOwner",
            "server_side_encryption_configuration": [
              {
                "rule": [
                  {
                    "apply_server_side_encryption_by_default": [
                      {
                        "kms_master_key_id": "",
                        "sse_algorithm": "AES256"
                      }
                    ],
                    "bucket_key_enabled": false
                  }
                ]
              }
            ],
            "tags": {
              "Name": "Terraform S3"
            },
            "tags_all": {
              "Name": "Terraform S3"
            },
            "timeouts": null,
            "versioning": [
              {
                "enabled": false,
                "mfa_delete": false
              }
            ],
            "website": [],
            "website_domain": null,
            "website_endpoint": null
          },
          "sensitive_attributes": [],
          "private": "eyJlMmJmYjczMC1lY2FhLTExZTYtOGY4OC0zNDM2M2JjN2M0YzAiOnsiY3JlYXRlIjoxMjAwMDAwMDAwMDAwLCJkZWxldGUiOjM2MDAwMDAwMDAwMDAsInJlYWQiOjEyMDAwMDAwMDAwMDAsInVwZGF0ZSI6MTIwMDAwMDAwMDAwMH19",
          "dependencies": [
            "random_string.s3_suffix"
          ]
        }
      ]
    },
    {
      "mode": "managed",
      "type": "aws_security_group",
      "name": "ec2_sg",
      "provider": "provider[\"registry.terraform.io/hashicorp/aws\"]",
      "instances": [
        {
          "schema_version": 1,
          "attributes": {
            "arn": "arn:aws:ec2:ap-south-1:433322558847:security-group/sg-091fed3d70f644e80",
            "description": "Allow SSH and necessary ports",
            "egress": [
              {
                "cidr_blocks": [
                  "0.0.0.0/0"
                ],
                "description": "",
                "from_port": 0,
                "ipv6_cidr_blocks": [],
                "prefix_list_ids": [],
                "protocol": "-1",
                "security_groups": [],
                "self": false,
                "to_port": 0
              }
            ],
            "id": "sg-091fed3d70f644e80",
            "ingress": [
              {
                "cidr_blocks": [
                  "0.0.0.0/0"
                ],
                "description": "",
                "from_port": 22,
                "ipv6_cidr_blocks": [],
                "prefix_list_ids": [],
                "protocol": "tcp",
                "security_groups": [],
                "self": false,
                "to_port": 22
              }
            ],
            "name": "terraform-sg",
            "name_prefix": "",
            "owner_id": "433322558847",
            "revoke_rules_on_delete": false,
            "tags": null,
            "tags_all": {},
            "timeouts": null,
            "vpc_id": "vpc-0ed0117085ac75432"
          },
          "sensitive_attributes": [],
          "private": "eyJlMmJmYjczMC1lY2FhLTExZTYtOGY4OC0zNDM2M2JjN2M0YzAiOnsiY3JlYXRlIjo2MDAwMDAwMDAwMDAsImRlbGV0ZSI6OTAwMDAwMDAwMDAwfSwic2NoZW1hX3ZlcnNpb24iOiIxIn0=",
          "dependencies": [
            "aws_vpc.terraform_vpc"
          ]
        }
      ]
    },
    {
      "mode": "managed",
      "type": "aws_security_group",
      "name": "rds_sg",
      "provider": "provider[\"registry.terraform.io/hashicorp/aws\"]",
      "instances": [
        {
          "schema_version": 1,
          "attributes": {
            "arn": "arn:aws:ec2:ap-south-1:433322558847:security-group/sg-00e374f61ecabc766",
            "description": "Security group for RDS",
            "egress": [],
            "id": "sg-00e374f61ecabc766",
            "ingress": [
              {
                "cidr_blocks": [
                  "10.0.0.0/16"
                ],
                "description": "",
                "from_port": 3306,
                "ipv6_cidr_blocks": [],
                "prefix_list_ids": [],
                "protocol": "tcp",
                "security_groups": [],
                "self": false,
                "to_port": 3306
              }
            ],
            "name": "terraform-rds-sg",
            "name_prefix": "",
            "owner_id": "433322558847",
            "revoke_rules_on_delete": false,
            "tags": {
              "Name": "Terraform-RDS-SG"
            },
            "tags_all": {
              "Name": "Terraform-RDS-SG"
            },
            "timeouts": null,
            "vpc_id": "vpc-0ed0117085ac75432"
          },
          "sensitive_attributes": [],
          "private": "eyJlMmJmYjczMC1lY2FhLTExZTYtOGY4OC0zNDM2M2JjN2M0YzAiOnsiY3JlYXRlIjo2MDAwMDAwMDAwMDAsImRlbGV0ZSI6OTAwMDAwMDAwMDAwfSwic2NoZW1hX3ZlcnNpb24iOiIxIn0=",
          "dependencies": [
            "aws_vpc.terraform_vpc"
          ]
        }
      ]
    },
    {
      "mode": "managed",
      "type": "aws_subnet",
      "name": "private_subnet_1",
      "provider": "provider[\"registry.terraform.io/hashicorp/aws\"]",
      "instances": [
        {
          "schema_version": 1,
          "attributes": {
            "arn": "arn:aws:ec2:ap-south-1:433322558847:subnet/subnet-09cb0be7a06d95f5b",
            "assign_ipv6_address_on_creation": false,
            "availability_zone": "ap-south-1a",
            "availability_zone_id": "aps1-az1",
            "cidr_block": "10.0.1.0/24",
            "customer_owned_ipv4_pool": "",
            "enable_dns64": false,
            "enable_lni_at_device_index": 0,
            "enable_resource_name_dns_a_record_on_launch": false,
            "enable_resource_name_dns_aaaa_record_on_launch": false,
            "id": "subnet-09cb0be7a06d95f5b",
            "ipv6_cidr_block": "",
            "ipv6_cidr_block_association_id": "",
            "ipv6_native": false,
            "map_customer_owned_ip_on_launch": false,
            "map_public_ip_on_launch": false,
            "outpost_arn": "",
            "owner_id": "433322558847",
            "private_dns_hostname_type_on_launch": "ip-name",
            "tags": {
              "Name": "Terraform-Private-Subnet-1"
            },
            "tags_all": {
              "Name": "Terraform-Private-Subnet-1"
            },
            "timeouts": null,
            "vpc_id": "vpc-0ed0117085ac75432"
          },
          "sensitive_attributes": [],
          "private": "eyJlMmJmYjczMC1lY2FhLTExZTYtOGY4OC0zNDM2M2JjN2M0YzAiOnsiY3JlYXRlIjo2MDAwMDAwMDAwMDAsImRlbGV0ZSI6MTIwMDAwMDAwMDAwMH0sInNjaGVtYV92ZXJzaW9uIjoiMSJ9",
          "dependencies": [
            "aws_vpc.terraform_vpc"
          ]
        }
      ]
    },
    {
      "mode": "managed",
      "type": "aws_subnet",
      "name": "private_subnet_2",
      "provider": "provider[\"registry.terraform.io/hashicorp/aws\"]",
      "instances": [
        {
          "schema_version": 1,
          "attributes": {
            "arn": "arn:aws:ec2:ap-south-1:433322558847:subnet/subnet-0dca49b9fc18a29c4",
            "assign_ipv6_address_on_creation": false,
            "availability_zone": "ap-south-1b",
            "availability_zone_id": "aps1-az3",
            "cidr_block": "10.0.2.0/24",
            "customer_owned_ipv4_pool": "",
            "enable_dns64": false,
            "enable_lni_at_device_index": 0,
            "enable_resource_name_dns_a_record_on_launch": false,
            "enable_resource_name_dns_aaaa_record_on_launch": false,
            "id": "subnet-0dca49b9fc18a29c4",
            "ipv6_cidr_block": "",
            "ipv6_cidr_block_association_id": "",
            "ipv6_native": false,
            "map_customer_owned_ip_on_launch": false,
            "map_public_ip_on_launch": false,
            "outpost_arn": "",
            "owner_id": "433322558847",
            "private_dns_hostname_type_on_launch": "ip-name",
            "tags": {
              "Name": "Terraform-Private-Subnet-2"
            },
            "tags_all": {
              "Name": "Terraform-Private-Subnet-2"
            },
            "timeouts": null,
            "vpc_id": "vpc-0ed0117085ac75432"
          },
          "sensitive_attributes": [],
          "private": "eyJlMmJmYjczMC1lY2FhLTExZTYtOGY4OC0zNDM2M2JjN2M0YzAiOnsiY3JlYXRlIjo2MDAwMDAwMDAwMDAsImRlbGV0ZSI6MTIwMDAwMDAwMDAwMH0sInNjaGVtYV92ZXJzaW9uIjoiMSJ9",
          "dependencies": [
            "aws_vpc.terraform_vpc"
          ]
        }
      ]
    },
    {
      "mode": "managed",
      "type": "aws_vpc",
      "name": "terraform_vpc",
      "provider": "provider[\"registry.terraform.io/hashicorp/aws\"]",
      "instances": [
        {
          "schema_version": 1,
          "attributes": {
            "arn": "arn:aws:ec2:ap-south-1:433322558847:vpc/vpc-0ed0117085ac75432",
            "assign_generated_ipv6_cidr_block": false,
            "cidr_block": "10.0.0.0/16",
            "default_network_acl_id": "acl-0019594773f7edc06",
            "default_route_table_id": "rtb-061c91b111146c308",
            "default_security_group_id": "sg-043782a2a10b98ba6",
            "dhcp_options_id": "dopt-044cdeb37648663b2",
            "enable_dns_hostnames": true,
            "enable_dns_support": true,
            "enable_network_address_usage_metrics": false,
            "id": "vpc-0ed0117085ac75432",
            "instance_tenancy": "default",
            "ipv4_ipam_pool_id": null,
            "ipv4_netmask_length": null,
            "ipv6_association_id": "",
            "ipv6_cidr_block": "",
            "ipv6_cidr_block_network_border_group": "",
            "ipv6_ipam_pool_id": "",
            "ipv6_netmask_length": 0,
            "main_route_table_id": "rtb-061c91b111146c308",
            "owner_id": "433322558847",
            "tags": {
              "Name": "Terraform-VPC"
            },
            "tags_all": {
              "Name": "Terraform-VPC"
            }
          },
          "sensitive_attributes": [],
          "private": "eyJzY2hlbWFfdmVyc2lvbiI6IjEifQ=="
        }
      ]
    },
    {
      "mode": "managed",
      "type": "local_file",
      "name": "private_key",
      "provider": "provider[\"registry.terraform.io/hashicorp/local\"]",
      "instances": [
        {
          "schema_version": 0,
          "attributes": {
            "content": "-----BEGIN RSA PRIVATE KEY-----\nMIIJKgIBAAKCAgEAorG8X9l7IJ1NXY0lDo47tjR1Ul3a4VEIEpKC2rrvtK6gtTsP\n5lYZtvd2bt9Yq6sN7JrBwoBXynYIiRciaodgxDT2zGLQkZ5wvczGhoV9jkPT1Zkn\nBIXl6tIgBHKr5TtYvpA+KkYl8SuQ46w6Pu9cjALm0ZHQf1xH2T4CVz/+fVeb2L8c\nVOfRWsgpII9JrZzM9GZLUTTQ1FbCLhRojjPx0+i+uEGS1AN4qZcSxIsMFBl/s8uV\n4LVYjK84H5g/7yPpSIlfzuIYS4108YMZyvD4kFlNZ53YfFMyUZ8bRtll8UtrxxwQ\nla5z6p9bLCK4YCESwsmxpPI+EOs5G06WFFwO5+/DWTt/g/3ao4kVf7xko/pB/vq6\nct8P4486tUScs00krSopkWcjM/9BZ4EgiCxghfyfQpZKEiyv+/INncD8/C/8G1RF\nFf96emNaGPKypy3EAeOWi5ccftvUPIxf7eF28LJ+ocqr3Njfpmrku0Y6NRgXYGNa\nUampW0ro2g60wjBungHcTp0x42Mt7BjXRTfpRewfyxgFUTIICjcDLwfXL1yDrLlC\n7M/6VCkWwQm3hzc+7l5En46S1oa3QLziTfZJyMEX+jQf9fWkKERiYyIo1LqqTbEm\npN1Z41kaRvTlGSMYnOVMwq62WPvg0AlbyQ7A2ZFLb66B3st8BHNSMkca/bcCAwEA\nAQKCAgEAnE/Twut65wz7JeTUM7XoHNkt12MhRtXJwb5ORsTQRXJ6KWWDkzQqJKaB\nfWjNErKYADl3693Pe1AIR16YzG0hRaH1dM2DwkTN4S17mAdtaGA2iMRKvoe/LOuR\no3RhPy7TxtNjRs566cmHvZbdp1XmPwcSqUtFXPhWd5yiNx3e7qJbs9V57QGFHYmu\nKgBBM7KxICegOXdbJIfurMMi6W1y7LxzcShfX5+uMJJbj8ZgZndRQHdbmrfhSdmX\nPJPU6XhBTFXgXS7RVNWmA9yHzXnT9yw1uFXphxmQAOezF1EMJtblyDlonccsy8Er\noa4CIynjko6iRO4RP8Qf6+KHQyxnjFuReQD0DtyKrNx3gUVHeSombxLqn5W3PzJ1\nuVWhaa5ZCDzXHnUW/3BwSrQGFv6FkhL9FDYFo0OwJSM/K+AmGiYoAI7wDLcWc9av\nK6XmZoFiyecpN5UHy7EEngIBnspDo5czMYryozD1wcvxLcpe8F+CsqtTsnNOjDMW\nhBKdFnwVFoYbzMPf24Gg2rhkESaPWPGpDsTXlxunph6Ovua/tcnHcrD4EQ5MVVYw\nLc9p52Yyg84z8/S3iv1Osj1mFA6YqxYT+6U+0EuIx4SHBpFqBhRLvAbzOrPcOzzi\nNAugEJ4au5EG7/fzpFoLVETMHEjwk2l6H0xfQBiuQRpVQmkyz+ECggEBAM+8G387\nxekJd7qkSE4tTlDFoyaiYS8O9rCE/F5QL7LaMSjM411eczVO9UKVPWFApJ0E0JRA\n3gjwLfAYdd9dGuLGcGWNE8xA/Logf7evhnI7p8lnN350+zHTZ5erHZw7DmrYMAuu\n8rOqd1AxBO3WaAqYHYzuBrOiAoYvLuiZY8q32tw8Pko9USGSgIqQpzuRl10Y4ZPu\nFgPx5jteiWJBdIB90w1KW2dRelvlUpWHg47ryTb/zJeD3XygtFjTpXmM8fde9Yjp\nHi/bUgnjEDcP5i0sUbtzhf6InqRQGfS0GR5e8PcCZFrpBpKnUVRu+i3qABh2zQri\n31ooSo8Ng37XQo8CggEBAMh+p/pqoKKbDyvUXx3Xt0wGgXikRrw2q4DH1v0Bu44+\n2JTeJGwFq/ujk1A12giBhxBsZpAI47LfNn140Hz1TpxPnsGJ1PoWu83zRu/J597o\nLt40DMApxJC84cbKOnVgxsrc6dJKhRccutnugNF6sib+JG0YimPKP+d50PiuKwbU\nppfFqvWth7AFhFGg/ba8Zik2zeC64iUCQIwy/Sq1j+Mh/bVTvKI7b8ADnHZ7VPZz\njHORBcRk2XQll+FNsdwoBy7Q0/kgjn/Xm3Uv+TgqBJZhZrB693xXvZUpNiQfnTzk\nLPXd7KfAfUfpYiYao+hn89FC3G1CuJo594JCZyayhlkCggEBALCJzNho5L0xdZWg\n7W26pPaRryAzGOIUFmNW8N35yT92nBZvYL3FeaURD+9gwwP2Gq7yG4wSQF9aNb/4\nGZwUFLgqKfSzWuLXS6+l1MQ2n8xOlD3dwNRv99WVMlE7c3OE4LC+Pr5/E/TJ5pG4\nxtaUwmBWe657zig0g26jhHrZeGwbqRxG+iy/RUaBqUmYuvYtuXO9pF7CE+WQWreT\nlK9yrt5Pj9+YlGsOXCziizdWLeB00tAxvR36S20RaZKfct4EgNFX2tRaQHQtL+AF\nHo+crGExa9ggyfvRAPjktdo2f65GwwM3/i8gH5zcIordsTD5ztD7jS82NNf6q7o8\nosZVi1MCggEBAIRkfm+xsVkuoxoCJr0CERu2wA/2Cm+GekGTtLdlSYBop4PGHK7o\nH+UO4tv4c31iatnBewhpllIra0P3X1Tkd4BoYyDR7z0lfeZFWvZEkUR0dV5taG4M\nJqyczUoDiA6yVRLoRc6DPtdANXJrN80cBEATWeJgbiHvD7u+iOtttyPPkCJweK+6\nYvss6W8tq9vbFGrqsZBQV7ywfAcYNGzbb6RAcdQm80z9ipF00QC7+CK1sm0tum0x\nWxaDLIOuVmBWXkffxdmgUfjBWvpLL3qS5GyY7MJksL//AEVa7VF1PtNSqQ3B+d/c\nD95IknMu7EUvP6VTTVMo19WfqXzudEbtZCECggEAIIFu7eq7z2Btt7zZtIqwqE15\nbMusKcVvWn2RfaNxSSi3ktKRIgkqTr8lAcPPV0Ox+GInbhs1qHI3TYSVTvp349VL\njGCzdZhmPvnhJ02qQb0b5YRoLGZadUQEXufOqYf95ibBUiNS+jEeKX34NsmQQshx\nHjbKCedDQM7G8URMRTdFOQywNh4yvfTzcHsfsFcIY6npYMBwqp/px6TCcaQ1FsO1\nJgWWicHScWfuprxgFh8NzHzQesdxwWUPKUoasMCKJEPGFkPny+TtMhpESVJLKY/k\nVVEF23sJ5dtTiZMLicnehWbnAEcHvpayycv3GqeJVuFfByRMHG8T5+XUsJ9JIg==\n-----END RSA PRIVATE KEY-----\n",
            "content_base64": null,
            "content_base64sha256": "x3Tx48LZRLmyx1OuU6ou9/Ry6ksQfi7TYOkoDWYF/RU=",
            "content_base64sha512": "3PvW73fW8dmPq36Upf/sUg7xBhol1D2lrb/UhNHt1yr60WlbDpTU2AeYRytNiWoGdfdMXUNvnLcAHgOdOur3vg==",
            "content_md5": "9f9f64558b3eff43612a85e279cda8d1",
            "content_sha1": "dab05cf97afa5b1ccedf84d2b2c79214012084e1",
            "content_sha256": "c774f1e3c2d944b9b2c753ae53aa2ef7f472ea4b107e2ed360e9280d6605fd15",
            "content_sha512": "dcfbd6ef77d6f1d98fab7e94a5ffec520ef1061a25d43da5adbfd484d1edd72afad1695b0e94d4d80798472b4d896a0675f74c5d436f9cb7001e039d3aeaf7be",
            "directory_permission": "0777",
            "file_permission": "0600",
            "filename": "./terraform-key.pem",
            "id": "dab05cf97afa5b1ccedf84d2b2c79214012084e1",
            "sensitive_content": null,
            "source": null
          },
          "sensitive_attributes": [
            [
              {
                "type": "get_attr",
                "value": "sensitive_content"
              }
            ],
            [
              {
                "type": "get_attr",
                "value": "content"
              }
            ]
          ],
          "dependencies": [
            "tls_private_key.generated"
          ]
        }
      ]
    },
    {
      "mode": "managed",
      "type": "random_string",
      "name": "s3_suffix",
      "provider": "provider[\"registry.terraform.io/hashicorp/random\"]",
      "instances": [
        {
          "schema_version": 2,
          "attributes": {
            "id": "q68pzc",
            "keepers": null,
            "length": 6,
            "lower": true,
            "min_lower": 0,
            "min_numeric": 0,
            "min_special": 0,
            "min_upper": 0,
            "number": true,
            "numeric": true,
            "override_special": null,
            "result": "q68pzc",
            "special": false,
            "upper": false
          },
          "sensitive_attributes": []
        }
      ]
    },
    {
      "mode": "managed",
      "type": "tls_private_key",
      "name": "generated",
      "provider": "provider[\"registry.terraform.io/hashicorp/tls\"]",
      "instances": [
        {
          "schema_version": 1,
          "attributes": {
            "algorithm": "RSA",
            "ecdsa_curve": "P224",
            "id": "f40a4c4f76a54e94db79a6568aa25f60203beef3",
            "private_key_openssh": "-----BEGIN OPENSSH PRIVATE KEY-----\nb3BlbnNzaC1rZXktdjEAAAAABG5vbmUAAAAEbm9uZQAAAAAAAAABAAACFwAAAAdz\nc2gtcnNhAAAAAwEAAQAAAgEAorG8X9l7IJ1NXY0lDo47tjR1Ul3a4VEIEpKC2rrv\ntK6gtTsP5lYZtvd2bt9Yq6sN7JrBwoBXynYIiRciaodgxDT2zGLQkZ5wvczGhoV9\njkPT1ZknBIXl6tIgBHKr5TtYvpA+KkYl8SuQ46w6Pu9cjALm0ZHQf1xH2T4CVz/+\nfVeb2L8cVOfRWsgpII9JrZzM9GZLUTTQ1FbCLhRojjPx0+i+uEGS1AN4qZcSxIsM\nFBl/s8uV4LVYjK84H5g/7yPpSIlfzuIYS4108YMZyvD4kFlNZ53YfFMyUZ8bRtll\n8UtrxxwQla5z6p9bLCK4YCESwsmxpPI+EOs5G06WFFwO5+/DWTt/g/3ao4kVf7xk\no/pB/vq6ct8P4486tUScs00krSopkWcjM/9BZ4EgiCxghfyfQpZKEiyv+/INncD8\n/C/8G1RFFf96emNaGPKypy3EAeOWi5ccftvUPIxf7eF28LJ+ocqr3Njfpmrku0Y6\nNRgXYGNaUampW0ro2g60wjBungHcTp0x42Mt7BjXRTfpRewfyxgFUTIICjcDLwfX\nL1yDrLlC7M/6VCkWwQm3hzc+7l5En46S1oa3QLziTfZJyMEX+jQf9fWkKERiYyIo\n1LqqTbEmpN1Z41kaRvTlGSMYnOVMwq62WPvg0AlbyQ7A2ZFLb66B3st8BHNSMkca\n/bcAAAc4DNMJyAzTCcgAAAAHc3NoLXJzYQAAAgEAorG8X9l7IJ1NXY0lDo47tjR1\nUl3a4VEIEpKC2rrvtK6gtTsP5lYZtvd2bt9Yq6sN7JrBwoBXynYIiRciaodgxDT2\nzGLQkZ5wvczGhoV9jkPT1ZknBIXl6tIgBHKr5TtYvpA+KkYl8SuQ46w6Pu9cjALm\n0ZHQf1xH2T4CVz/+fVeb2L8cVOfRWsgpII9JrZzM9GZLUTTQ1FbCLhRojjPx0+i+\nuEGS1AN4qZcSxIsMFBl/s8uV4LVYjK84H5g/7yPpSIlfzuIYS4108YMZyvD4kFlN\nZ53YfFMyUZ8bRtll8UtrxxwQla5z6p9bLCK4YCESwsmxpPI+EOs5G06WFFwO5+/D\nWTt/g/3ao4kVf7xko/pB/vq6ct8P4486tUScs00krSopkWcjM/9BZ4EgiCxghfyf\nQpZKEiyv+/INncD8/C/8G1RFFf96emNaGPKypy3EAeOWi5ccftvUPIxf7eF28LJ+\nocqr3Njfpmrku0Y6NRgXYGNaUampW0ro2g60wjBungHcTp0x42Mt7BjXRTfpRewf\nyxgFUTIICjcDLwfXL1yDrLlC7M/6VCkWwQm3hzc+7l5En46S1oa3QLziTfZJyMEX\n+jQf9fWkKERiYyIo1LqqTbEmpN1Z41kaRvTlGSMYnOVMwq62WPvg0AlbyQ7A2ZFL\nb66B3st8BHNSMkca/bcAAAADAQABAAACAQCcT9PC63rnDPsl5NQztegc2S3XYyFG\n1cnBvk5GxNBFcnopZYOTNCokpoF9aM0SspgAOXfr3c97UAhHXpjMbSFFofV0zYPC\nRM3hLXuYB21oYDaIxEq+h78s65GjdGE/LtPG02NGznrpyYe9lt2nVeY/BxKpS0Vc\n+FZ3nKI3Hd7uoluz1XntAYUdia4qAEEzsrEgJ6A5d1skh+6swyLpbXLsvHNxKF9f\nn64wkluPxmBmd1FAd1uat+FJ2Zc8k9TpeEFMVeBdLtFU1aYD3IfNedP3LDW4VemH\nGZAA57MXUQwm1uXIOWidxyzLwSuhrgIjKeOSjqJE7hE/xB/r4odDLGeMW5F5APQO\n3Iqs3HeBRUd5KiZvEuqflbc/MnW5VaFprlkIPNcedRb/cHBKtAYW/oWSEv0UNgWj\nQ7AlIz8r4CYaJigAjvAMtxZz1q8rpeZmgWLJ5yk3lQfLsQSeAgGeykOjlzMxivKj\nMPXBy/Etyl7wX4Kyq1Oyc06MMxaEEp0WfBUWhhvMw9/bgaDauGQRJo9Y8akOxNeX\nG6emHo6+5r+1ycdysPgRDkxVVjAtz2nnZjKDzjPz9LeK/U6yPWYUDpirFhP7pT7Q\nS4jHhIcGkWoGFEu8BvM6s9w7POI0C6AQnhq7kQbv9/OkWgtURMwcSPCTaXofTF9A\nGK5BGlVCaTLP4QAAAQAggW7t6rvPYG23vNm0irCoTXlsy6wpxW9afZF9o3FJKLeS\n0pEiCSpOvyUBw89XQ7H4YiduGzWocjdNhJVO+nfj1UuMYLN1mGY++eEnTapBvRvl\nhGgsZlp1RARe586ph/3mJsFSI1L6MR4pffg2yZBCyHEeNsoJ50NAzsbxRExFN0U5\nDLA2HjK99PNwex+wVwhjqelgwHCqn+nHpMJxpDUWw7UmBZaJwdJxZ+6mvGAWHw3M\nfNB6x3HBZQ8pShqwwIokQ8YWQ+fL5O0yGkRJUkspj+RVUQXbewnl21OJkwuJyd6F\nZucARwe+lrLJy/cap4lW4V8HJEwcbxPn5dSwn0kiAAABAQDPvBt/O8XpCXe6pEhO\nLU5QxaMmomEvDvawhPxeUC+y2jEozONdXnM1TvVClT1hQKSdBNCUQN4I8C3wGHXf\nXRrixnBljRPMQPy6IH+3r4ZyO6fJZzd+dPsx02eXqx2cOw5q2DALrvKzqndQMQTt\n1mgKmB2M7gazogKGLy7omWPKt9rcPD5KPVEhkoCKkKc7kZddGOGT7hYD8eY7Xoli\nQXSAfdMNSltnUXpb5VKVh4OO68k2/8yXg918oLRY06V5jPH3XvWI6R4v21IJ4xA3\nD+YtLFG7c4X+iJ6kUBn0tBkeXvD3AmRa6QaSp1FUbvot6gAYds0K4t9aKEqPDYN+\n10KPAAABAQDIfqf6aqCimw8r1F8d17dMBoF4pEa8NquAx9b9AbuOPtiU3iRsBav7\no5NQNdoIgYcQbGaQCOOy3zZ9eNB89U6cT57BidT6FrvN80bvyefe6C7eNAzAKcSQ\nvOHGyjp1YMbK3OnSSoUXHLrZ7oDRerIm/iRtGIpjyj/nedD4risG1KaXxar1rYew\nBYRRoP22vGYpNs3guuIlAkCMMv0qtY/jIf21U7yiO2/AA5x2e1T2c4xzkQXEZNl0\nJZfhTbHcKAcu0NP5II5/15t1L/k4KgSWYWawevd8V72VKTYkH5085Cz13eynwH1H\n6WImGqPoZ/PRQtxtQriaOfeCQmcmsoZZAAAAAAEC\n-----END OPENSSH PRIVATE KEY-----\n",
            "private_key_pem": "-----BEGIN RSA PRIVATE KEY-----\nMIIJKgIBAAKCAgEAorG8X9l7IJ1NXY0lDo47tjR1Ul3a4VEIEpKC2rrvtK6gtTsP\n5lYZtvd2bt9Yq6sN7JrBwoBXynYIiRciaodgxDT2zGLQkZ5wvczGhoV9jkPT1Zkn\nBIXl6tIgBHKr5TtYvpA+KkYl8SuQ46w6Pu9cjALm0ZHQf1xH2T4CVz/+fVeb2L8c\nVOfRWsgpII9JrZzM9GZLUTTQ1FbCLhRojjPx0+i+uEGS1AN4qZcSxIsMFBl/s8uV\n4LVYjK84H5g/7yPpSIlfzuIYS4108YMZyvD4kFlNZ53YfFMyUZ8bRtll8UtrxxwQ\nla5z6p9bLCK4YCESwsmxpPI+EOs5G06WFFwO5+/DWTt/g/3ao4kVf7xko/pB/vq6\nct8P4486tUScs00krSopkWcjM/9BZ4EgiCxghfyfQpZKEiyv+/INncD8/C/8G1RF\nFf96emNaGPKypy3EAeOWi5ccftvUPIxf7eF28LJ+ocqr3Njfpmrku0Y6NRgXYGNa\nUampW0ro2g60wjBungHcTp0x42Mt7BjXRTfpRewfyxgFUTIICjcDLwfXL1yDrLlC\n7M/6VCkWwQm3hzc+7l5En46S1oa3QLziTfZJyMEX+jQf9fWkKERiYyIo1LqqTbEm\npN1Z41kaRvTlGSMYnOVMwq62WPvg0AlbyQ7A2ZFLb66B3st8BHNSMkca/bcCAwEA\nAQKCAgEAnE/Twut65wz7JeTUM7XoHNkt12MhRtXJwb5ORsTQRXJ6KWWDkzQqJKaB\nfWjNErKYADl3693Pe1AIR16YzG0hRaH1dM2DwkTN4S17mAdtaGA2iMRKvoe/LOuR\no3RhPy7TxtNjRs566cmHvZbdp1XmPwcSqUtFXPhWd5yiNx3e7qJbs9V57QGFHYmu\nKgBBM7KxICegOXdbJIfurMMi6W1y7LxzcShfX5+uMJJbj8ZgZndRQHdbmrfhSdmX\nPJPU6XhBTFXgXS7RVNWmA9yHzXnT9yw1uFXphxmQAOezF1EMJtblyDlonccsy8Er\noa4CIynjko6iRO4RP8Qf6+KHQyxnjFuReQD0DtyKrNx3gUVHeSombxLqn5W3PzJ1\nuVWhaa5ZCDzXHnUW/3BwSrQGFv6FkhL9FDYFo0OwJSM/K+AmGiYoAI7wDLcWc9av\nK6XmZoFiyecpN5UHy7EEngIBnspDo5czMYryozD1wcvxLcpe8F+CsqtTsnNOjDMW\nhBKdFnwVFoYbzMPf24Gg2rhkESaPWPGpDsTXlxunph6Ovua/tcnHcrD4EQ5MVVYw\nLc9p52Yyg84z8/S3iv1Osj1mFA6YqxYT+6U+0EuIx4SHBpFqBhRLvAbzOrPcOzzi\nNAugEJ4au5EG7/fzpFoLVETMHEjwk2l6H0xfQBiuQRpVQmkyz+ECggEBAM+8G387\nxekJd7qkSE4tTlDFoyaiYS8O9rCE/F5QL7LaMSjM411eczVO9UKVPWFApJ0E0JRA\n3gjwLfAYdd9dGuLGcGWNE8xA/Logf7evhnI7p8lnN350+zHTZ5erHZw7DmrYMAuu\n8rOqd1AxBO3WaAqYHYzuBrOiAoYvLuiZY8q32tw8Pko9USGSgIqQpzuRl10Y4ZPu\nFgPx5jteiWJBdIB90w1KW2dRelvlUpWHg47ryTb/zJeD3XygtFjTpXmM8fde9Yjp\nHi/bUgnjEDcP5i0sUbtzhf6InqRQGfS0GR5e8PcCZFrpBpKnUVRu+i3qABh2zQri\n31ooSo8Ng37XQo8CggEBAMh+p/pqoKKbDyvUXx3Xt0wGgXikRrw2q4DH1v0Bu44+\n2JTeJGwFq/ujk1A12giBhxBsZpAI47LfNn140Hz1TpxPnsGJ1PoWu83zRu/J597o\nLt40DMApxJC84cbKOnVgxsrc6dJKhRccutnugNF6sib+JG0YimPKP+d50PiuKwbU\nppfFqvWth7AFhFGg/ba8Zik2zeC64iUCQIwy/Sq1j+Mh/bVTvKI7b8ADnHZ7VPZz\njHORBcRk2XQll+FNsdwoBy7Q0/kgjn/Xm3Uv+TgqBJZhZrB693xXvZUpNiQfnTzk\nLPXd7KfAfUfpYiYao+hn89FC3G1CuJo594JCZyayhlkCggEBALCJzNho5L0xdZWg\n7W26pPaRryAzGOIUFmNW8N35yT92nBZvYL3FeaURD+9gwwP2Gq7yG4wSQF9aNb/4\nGZwUFLgqKfSzWuLXS6+l1MQ2n8xOlD3dwNRv99WVMlE7c3OE4LC+Pr5/E/TJ5pG4\nxtaUwmBWe657zig0g26jhHrZeGwbqRxG+iy/RUaBqUmYuvYtuXO9pF7CE+WQWreT\nlK9yrt5Pj9+YlGsOXCziizdWLeB00tAxvR36S20RaZKfct4EgNFX2tRaQHQtL+AF\nHo+crGExa9ggyfvRAPjktdo2f65GwwM3/i8gH5zcIordsTD5ztD7jS82NNf6q7o8\nosZVi1MCggEBAIRkfm+xsVkuoxoCJr0CERu2wA/2Cm+GekGTtLdlSYBop4PGHK7o\nH+UO4tv4c31iatnBewhpllIra0P3X1Tkd4BoYyDR7z0lfeZFWvZEkUR0dV5taG4M\nJqyczUoDiA6yVRLoRc6DPtdANXJrN80cBEATWeJgbiHvD7u+iOtttyPPkCJweK+6\nYvss6W8tq9vbFGrqsZBQV7ywfAcYNGzbb6RAcdQm80z9ipF00QC7+CK1sm0tum0x\nWxaDLIOuVmBWXkffxdmgUfjBWvpLL3qS5GyY7MJksL//AEVa7VF1PtNSqQ3B+d/c\nD95IknMu7EUvP6VTTVMo19WfqXzudEbtZCECggEAIIFu7eq7z2Btt7zZtIqwqE15\nbMusKcVvWn2RfaNxSSi3ktKRIgkqTr8lAcPPV0Ox+GInbhs1qHI3TYSVTvp349VL\njGCzdZhmPvnhJ02qQb0b5YRoLGZadUQEXufOqYf95ibBUiNS+jEeKX34NsmQQshx\nHjbKCedDQM7G8URMRTdFOQywNh4yvfTzcHsfsFcIY6npYMBwqp/px6TCcaQ1FsO1\nJgWWicHScWfuprxgFh8NzHzQesdxwWUPKUoasMCKJEPGFkPny+TtMhpESVJLKY/k\nVVEF23sJ5dtTiZMLicnehWbnAEcHvpayycv3GqeJVuFfByRMHG8T5+XUsJ9JIg==\n-----END RSA PRIVATE KEY-----\n",
            "private_key_pem_pkcs8": "-----BEGIN PRIVATE KEY-----\nMIIJRAIBADANBgkqhkiG9w0BAQEFAASCCS4wggkqAgEAAoICAQCisbxf2XsgnU1d\njSUOjju2NHVSXdrhUQgSkoLauu+0rqC1Ow/mVhm293Zu31irqw3smsHCgFfKdgiJ\nFyJqh2DENPbMYtCRnnC9zMaGhX2OQ9PVmScEheXq0iAEcqvlO1i+kD4qRiXxK5Dj\nrDo+71yMAubRkdB/XEfZPgJXP/59V5vYvxxU59FayCkgj0mtnMz0ZktRNNDUVsIu\nFGiOM/HT6L64QZLUA3iplxLEiwwUGX+zy5XgtViMrzgfmD/vI+lIiV/O4hhLjXTx\ngxnK8PiQWU1nndh8UzJRnxtG2WXxS2vHHBCVrnPqn1ssIrhgIRLCybGk8j4Q6zkb\nTpYUXA7n78NZO3+D/dqjiRV/vGSj+kH++rpy3w/jjzq1RJyzTSStKimRZyMz/0Fn\ngSCILGCF/J9ClkoSLK/78g2dwPz8L/wbVEUV/3p6Y1oY8rKnLcQB45aLlxx+29Q8\njF/t4Xbwsn6hyqvc2N+mauS7Rjo1GBdgY1pRqalbSujaDrTCMG6eAdxOnTHjYy3s\nGNdFN+lF7B/LGAVRMggKNwMvB9cvXIOsuULsz/pUKRbBCbeHNz7uXkSfjpLWhrdA\nvOJN9knIwRf6NB/19aQoRGJjIijUuqpNsSak3VnjWRpG9OUZIxic5UzCrrZY++DQ\nCVvJDsDZkUtvroHey3wEc1IyRxr9twIDAQABAoICAQCcT9PC63rnDPsl5NQztegc\n2S3XYyFG1cnBvk5GxNBFcnopZYOTNCokpoF9aM0SspgAOXfr3c97UAhHXpjMbSFF\nofV0zYPCRM3hLXuYB21oYDaIxEq+h78s65GjdGE/LtPG02NGznrpyYe9lt2nVeY/\nBxKpS0Vc+FZ3nKI3Hd7uoluz1XntAYUdia4qAEEzsrEgJ6A5d1skh+6swyLpbXLs\nvHNxKF9fn64wkluPxmBmd1FAd1uat+FJ2Zc8k9TpeEFMVeBdLtFU1aYD3IfNedP3\nLDW4VemHGZAA57MXUQwm1uXIOWidxyzLwSuhrgIjKeOSjqJE7hE/xB/r4odDLGeM\nW5F5APQO3Iqs3HeBRUd5KiZvEuqflbc/MnW5VaFprlkIPNcedRb/cHBKtAYW/oWS\nEv0UNgWjQ7AlIz8r4CYaJigAjvAMtxZz1q8rpeZmgWLJ5yk3lQfLsQSeAgGeykOj\nlzMxivKjMPXBy/Etyl7wX4Kyq1Oyc06MMxaEEp0WfBUWhhvMw9/bgaDauGQRJo9Y\n8akOxNeXG6emHo6+5r+1ycdysPgRDkxVVjAtz2nnZjKDzjPz9LeK/U6yPWYUDpir\nFhP7pT7QS4jHhIcGkWoGFEu8BvM6s9w7POI0C6AQnhq7kQbv9/OkWgtURMwcSPCT\naXofTF9AGK5BGlVCaTLP4QKCAQEAz7wbfzvF6Ql3uqRITi1OUMWjJqJhLw72sIT8\nXlAvstoxKMzjXV5zNU71QpU9YUCknQTQlEDeCPAt8Bh1310a4sZwZY0TzED8uiB/\nt6+GcjunyWc3fnT7MdNnl6sdnDsOatgwC67ys6p3UDEE7dZoCpgdjO4Gs6IChi8u\n6Jljyrfa3Dw+Sj1RIZKAipCnO5GXXRjhk+4WA/HmO16JYkF0gH3TDUpbZ1F6W+VS\nlYeDjuvJNv/Ml4PdfKC0WNOleYzx9171iOkeL9tSCeMQNw/mLSxRu3OF/oiepFAZ\n9LQZHl7w9wJkWukGkqdRVG76LeoAGHbNCuLfWihKjw2DftdCjwKCAQEAyH6n+mqg\nopsPK9RfHde3TAaBeKRGvDargMfW/QG7jj7YlN4kbAWr+6OTUDXaCIGHEGxmkAjj\nst82fXjQfPVOnE+ewYnU+ha7zfNG78nn3ugu3jQMwCnEkLzhxso6dWDGytzp0kqF\nFxy62e6A0XqyJv4kbRiKY8o/53nQ+K4rBtSml8Wq9a2HsAWEUaD9trxmKTbN4Lri\nJQJAjDL9KrWP4yH9tVO8ojtvwAOcdntU9nOMc5EFxGTZdCWX4U2x3CgHLtDT+SCO\nf9ebdS/5OCoElmFmsHr3fFe9lSk2JB+dPOQs9d3sp8B9R+liJhqj6Gfz0ULcbUK4\nmjn3gkJnJrKGWQKCAQEAsInM2GjkvTF1laDtbbqk9pGvIDMY4hQWY1bw3fnJP3ac\nFm9gvcV5pREP72DDA/YarvIbjBJAX1o1v/gZnBQUuCop9LNa4tdLr6XUxDafzE6U\nPd3A1G/31ZUyUTtzc4TgsL4+vn8T9MnmkbjG1pTCYFZ7rnvOKDSDbqOEetl4bBup\nHEb6LL9FRoGpSZi69i25c72kXsIT5ZBat5OUr3Ku3k+P35iUaw5cLOKLN1Yt4HTS\n0DG9HfpLbRFpkp9y3gSA0Vfa1FpAdC0v4AUej5ysYTFr2CDJ+9EA+OS12jZ/rkbD\nAzf+LyAfnNwiit2xMPnO0PuNLzY01/qrujyixlWLUwKCAQEAhGR+b7GxWS6jGgIm\nvQIRG7bAD/YKb4Z6QZO0t2VJgGing8Ycrugf5Q7i2/hzfWJq2cF7CGmWUitrQ/df\nVOR3gGhjINHvPSV95kVa9kSRRHR1Xm1obgwmrJzNSgOIDrJVEuhFzoM+10A1cms3\nzRwEQBNZ4mBuIe8Pu76I6223I8+QInB4r7pi+yzpby2r29sUauqxkFBXvLB8Bxg0\nbNtvpEBx1CbzTP2KkXTRALv4IrWybS26bTFbFoMsg65WYFZeR9/F2aBR+MFa+ksv\nepLkbJjswmSwv/8ARVrtUXU+01KpDcH539wP3kiScy7sRS8/pVNNUyjX1Z+pfO50\nRu1kIQKCAQAggW7t6rvPYG23vNm0irCoTXlsy6wpxW9afZF9o3FJKLeS0pEiCSpO\nvyUBw89XQ7H4YiduGzWocjdNhJVO+nfj1UuMYLN1mGY++eEnTapBvRvlhGgsZlp1\nRARe586ph/3mJsFSI1L6MR4pffg2yZBCyHEeNsoJ50NAzsbxRExFN0U5DLA2HjK9\n9PNwex+wVwhjqelgwHCqn+nHpMJxpDUWw7UmBZaJwdJxZ+6mvGAWHw3MfNB6x3HB\nZQ8pShqwwIokQ8YWQ+fL5O0yGkRJUkspj+RVUQXbewnl21OJkwuJyd6FZucARwe+\nlrLJy/cap4lW4V8HJEwcbxPn5dSwn0ki\n-----END PRIVATE KEY-----\n",
            "public_key_fingerprint_md5": "b6:f5:da:3a:f4:c7:e0:b1:77:ba:9a:33:fc:c3:f7:de",
            "public_key_fingerprint_sha256": "SHA256:63vWkZ708JCEX46MPWJ0cYRt8aO6et7D6nt6g+6WQ6o",
            "public_key_openssh": "ssh-rsa AAAAB3NzaC1yc2EAAAADAQABAAACAQCisbxf2XsgnU1djSUOjju2NHVSXdrhUQgSkoLauu+0rqC1Ow/mVhm293Zu31irqw3smsHCgFfKdgiJFyJqh2DENPbMYtCRnnC9zMaGhX2OQ9PVmScEheXq0iAEcqvlO1i+kD4qRiXxK5DjrDo+71yMAubRkdB/XEfZPgJXP/59V5vYvxxU59FayCkgj0mtnMz0ZktRNNDUVsIuFGiOM/HT6L64QZLUA3iplxLEiwwUGX+zy5XgtViMrzgfmD/vI+lIiV/O4hhLjXTxgxnK8PiQWU1nndh8UzJRnxtG2WXxS2vHHBCVrnPqn1ssIrhgIRLCybGk8j4Q6zkbTpYUXA7n78NZO3+D/dqjiRV/vGSj+kH++rpy3w/jjzq1RJyzTSStKimRZyMz/0FngSCILGCF/J9ClkoSLK/78g2dwPz8L/wbVEUV/3p6Y1oY8rKnLcQB45aLlxx+29Q8jF/t4Xbwsn6hyqvc2N+mauS7Rjo1GBdgY1pRqalbSujaDrTCMG6eAdxOnTHjYy3sGNdFN+lF7B/LGAVRMggKNwMvB9cvXIOsuULsz/pUKRbBCbeHNz7uXkSfjpLWhrdAvOJN9knIwRf6NB/19aQoRGJjIijUuqpNsSak3VnjWRpG9OUZIxic5UzCrrZY++DQCVvJDsDZkUtvroHey3wEc1IyRxr9tw==\n",
            "public_key_pem": "-----BEGIN PUBLIC KEY-----\nMIICIjANBgkqhkiG9w0BAQEFAAOCAg8AMIICCgKCAgEAorG8X9l7IJ1NXY0lDo47\ntjR1Ul3a4VEIEpKC2rrvtK6gtTsP5lYZtvd2bt9Yq6sN7JrBwoBXynYIiRciaodg\nxDT2zGLQkZ5wvczGhoV9jkPT1ZknBIXl6tIgBHKr5TtYvpA+KkYl8SuQ46w6Pu9c\njALm0ZHQf1xH2T4CVz/+fVeb2L8cVOfRWsgpII9JrZzM9GZLUTTQ1FbCLhRojjPx\n0+i+uEGS1AN4qZcSxIsMFBl/s8uV4LVYjK84H5g/7yPpSIlfzuIYS4108YMZyvD4\nkFlNZ53YfFMyUZ8bRtll8UtrxxwQla5z6p9bLCK4YCESwsmxpPI+EOs5G06WFFwO\n5+/DWTt/g/3ao4kVf7xko/pB/vq6ct8P4486tUScs00krSopkWcjM/9BZ4EgiCxg\nhfyfQpZKEiyv+/INncD8/C/8G1RFFf96emNaGPKypy3EAeOWi5ccftvUPIxf7eF2\n8LJ+ocqr3Njfpmrku0Y6NRgXYGNaUampW0ro2g60wjBungHcTp0x42Mt7BjXRTfp\nRewfyxgFUTIICjcDLwfXL1yDrLlC7M/6VCkWwQm3hzc+7l5En46S1oa3QLziTfZJ\nyMEX+jQf9fWkKERiYyIo1LqqTbEmpN1Z41kaRvTlGSMYnOVMwq62WPvg0AlbyQ7A\n2ZFLb66B3st8BHNSMkca/bcCAwEAAQ==\n-----END PUBLIC KEY-----\n",
            "rsa_bits": 4096
          },
          "sensitive_attributes": [
            [
              {
                "type": "get_attr",
                "value": "private_key_pem"
              }
            ],
            [
              {
                "type": "get_attr",
                "value": "private_key_pem_pkcs8"
              }
            ],
            [
              {
                "type": "get_attr",
                "value": "private_key_openssh"
              }
            ]
          ]
        }
      ]
    }
  ],
  "check_results": null
}
